{
  "pins" : [
    {
      "identity" : "pag-ios",
      "kind" : "remoteSourceControl",
      "location" : "https://github.com/libpag/pag-ios.git",
      "state" : {
        "revision" : "668cf302207b518ec146f83c0b34e875d2ff0f28",
        "version" : "4.5.85"
      }
    },
    {
      "identity" : "pag-macos",
      "kind" : "remoteSourceControl",
      "location" : "https://github.com/yanshouwang/pag-macos.git",
      "state" : {
        "revision" : "7eca323501fb9ca0d3b84dd3a8616df6a3748a3c",
        "version" : "4.5.85"
      }
    }
  ],
  "version" : 2
}
